
Microsoft Visual Studio Solution File, Format Version 12.00
# Visual Studio Version 17
VisualStudioVersion = 17.6.33815.320
MinimumVisualStudioVersion = 10.0.40219.1
Project("{2150E333-8FDC-42A3-9474-1A3956D46DE8}") = "src", "src", "{CA5CCD8E-0E28-424E-89CD-624DA0B97016}"
EndProject
Project("{2150E333-8FDC-42A3-9474-1A3956D46DE8}") = "CoreClean.BCL", "CoreClean.BCL", "{F831A093-DA8E-4402-9F95-C752F41F1213}"
EndProject
Project("{2150E333-8FDC-42A3-9474-1A3956D46DE8}") = "CoreClean.Client", "CoreClean.Client", "{81F4CBCC-8C93-448D-BFDA-767929C540C9}"
EndProject
Project("{2150E333-8FDC-42A3-9474-1A3956D46DE8}") = "CoreClean.Gateway", "CoreClean.Gateway", "{AD010DAC-5E61-4FCC-970F-4EA25E773D4F}"
EndProject
Project("{2150E333-8FDC-42A3-9474-1A3956D46DE8}") = "test", "test", "{0EBF3AE1-B342-470A-BAA5-CCB0D217284D}"
EndProject
Project("{2150E333-8FDC-42A3-9474-1A3956D46DE8}") = "CoreClean.Server", "CoreClean.Server", "{D33A3905-6AC1-49F1-A2A5-D7E51439DA13}"
EndProject
Project("{2150E333-8FDC-42A3-9474-1A3956D46DE8}") = "CoreClean.SSO", "CoreClean.SSO", "{032B1D12-1F02-46B2-8341-591D94AB704B}"
EndProject
Project("{2150E333-8FDC-42A3-9474-1A3956D46DE8}") = "CoreClean.Server.API", "CoreClean.Server.API", "{8CDD1E64-0417-4707-8C28-602BE92F1246}"
EndProject
Project("{2150E333-8FDC-42A3-9474-1A3956D46DE8}") = "CoreClean.Server.API.Core", "CoreClean.Server.API.Core", "{01C61ACD-65E9-4AD9-B17E-BDEC626FD40F}"
EndProject
Project("{2150E333-8FDC-42A3-9474-1A3956D46DE8}") = "CoreClean.Server.API.Domain", "CoreClean.Server.API.Domain", "{B1BF11B6-59B1-498F-A62C-A087E62997A9}"
EndProject
Project("{2150E333-8FDC-42A3-9474-1A3956D46DE8}") = "CoreClean.Server.API.App", "CoreClean.Server.API.App", "{031632B8-5A12-42C2-9E13-74BEC3801BF9}"
EndProject
Project("{2150E333-8FDC-42A3-9474-1A3956D46DE8}") = "CoreClean.Server.API.Infra", "CoreClean.Server.API.Infra", "{0042572F-8326-4240-8C07-B47940878575}"
EndProject
Project("{2150E333-8FDC-42A3-9474-1A3956D46DE8}") = "CoreClean.Server.API.Shared", "CoreClean.Server.API.Shared", "{64C70466-3B8B-4071-9FC7-CBD8EDD32D56}"
EndProject
Project("{2150E333-8FDC-42A3-9474-1A3956D46DE8}") = "CoreClean.BCL.Core", "CoreClean.BCL.Core", "{45170146-E33B-402D-BDFE-368B005B612E}"
EndProject
Project("{2150E333-8FDC-42A3-9474-1A3956D46DE8}") = "CoreClean.BCL.Infra", "CoreClean.BCL.Infra", "{9B64DAB3-49A3-46CC-869A-E1CD90A94C77}"
EndProject
Project("{9A19103F-16F7-4668-BE54-9A1E7A4F7556}") = "CoreClean.BCL.Domaine", "Domain\CoreClean.BCL.Domaine.csproj", "{EBA74439-96E0-4B46-AEA5-22DC14515DD5}"
EndProject
Project("{2150E333-8FDC-42A3-9474-1A3956D46DE8}") = "CoreClean.BCL.Shared", "CoreClean.BCL.Shared", "{02E18539-7986-4848-B159-92D211194575}"
EndProject
Project("{9A19103F-16F7-4668-BE54-9A1E7A4F7556}") = "CoreClean.BCL.Shared", "CoreClean.BCL.Shared\CoreClean.BCL.Shared.csproj", "{D5E17CC0-C37E-4A56-9843-FC3AB7370C1D}"
EndProject
Project("{9A19103F-16F7-4668-BE54-9A1E7A4F7556}") = "CoreClean.BCL.Application", "CoreClean.BCL.Application\CoreClean.BCL.Application.csproj", "{98989932-F3B0-4E72-A3D4-FA896882D2D0}"
EndProject
Project("{9A19103F-16F7-4668-BE54-9A1E7A4F7556}") = "CoreClean.BCL.Infra.Infrastructure", "CoreClean.BCL.Infra.Infrastructure\CoreClean.BCL.Infra.Infrastructure.csproj", "{386B7037-A95D-4D18-8622-7E9F496975AF}"
EndProject
Global
	GlobalSection(SolutionConfigurationPlatforms) = preSolution
		Debug|Any CPU = Debug|Any CPU
		Release|Any CPU = Release|Any CPU
	EndGlobalSection
	GlobalSection(ProjectConfigurationPlatforms) = postSolution
		{EBA74439-96E0-4B46-AEA5-22DC14515DD5}.Debug|Any CPU.ActiveCfg = Debug|Any CPU
		{EBA74439-96E0-4B46-AEA5-22DC14515DD5}.Debug|Any CPU.Build.0 = Debug|Any CPU
		{EBA74439-96E0-4B46-AEA5-22DC14515DD5}.Release|Any CPU.ActiveCfg = Release|Any CPU
		{EBA74439-96E0-4B46-AEA5-22DC14515DD5}.Release|Any CPU.Build.0 = Release|Any CPU
		{D5E17CC0-C37E-4A56-9843-FC3AB7370C1D}.Debug|Any CPU.ActiveCfg = Debug|Any CPU
		{D5E17CC0-C37E-4A56-9843-FC3AB7370C1D}.Debug|Any CPU.Build.0 = Debug|Any CPU
		{D5E17CC0-C37E-4A56-9843-FC3AB7370C1D}.Release|Any CPU.ActiveCfg = Release|Any CPU
		{D5E17CC0-C37E-4A56-9843-FC3AB7370C1D}.Release|Any CPU.Build.0 = Release|Any CPU
		{98989932-F3B0-4E72-A3D4-FA896882D2D0}.Debug|Any CPU.ActiveCfg = Debug|Any CPU
		{98989932-F3B0-4E72-A3D4-FA896882D2D0}.Debug|Any CPU.Build.0 = Debug|Any CPU
		{98989932-F3B0-4E72-A3D4-FA896882D2D0}.Release|Any CPU.ActiveCfg = Release|Any CPU
		{98989932-F3B0-4E72-A3D4-FA896882D2D0}.Release|Any CPU.Build.0 = Release|Any CPU
		{386B7037-A95D-4D18-8622-7E9F496975AF}.Debug|Any CPU.ActiveCfg = Debug|Any CPU
		{386B7037-A95D-4D18-8622-7E9F496975AF}.Debug|Any CPU.Build.0 = Debug|Any CPU
		{386B7037-A95D-4D18-8622-7E9F496975AF}.Release|Any CPU.ActiveCfg = Release|Any CPU
		{386B7037-A95D-4D18-8622-7E9F496975AF}.Release|Any CPU.Build.0 = Release|Any CPU
	EndGlobalSection
	GlobalSection(SolutionProperties) = preSolution
		HideSolutionNode = FALSE
	EndGlobalSection
	GlobalSection(NestedProjects) = preSolution
		{F831A093-DA8E-4402-9F95-C752F41F1213} = {CA5CCD8E-0E28-424E-89CD-624DA0B97016}
		{81F4CBCC-8C93-448D-BFDA-767929C540C9} = {CA5CCD8E-0E28-424E-89CD-624DA0B97016}
		{AD010DAC-5E61-4FCC-970F-4EA25E773D4F} = {CA5CCD8E-0E28-424E-89CD-624DA0B97016}
		{D33A3905-6AC1-49F1-A2A5-D7E51439DA13} = {CA5CCD8E-0E28-424E-89CD-624DA0B97016}
		{032B1D12-1F02-46B2-8341-591D94AB704B} = {CA5CCD8E-0E28-424E-89CD-624DA0B97016}
		{8CDD1E64-0417-4707-8C28-602BE92F1246} = {D33A3905-6AC1-49F1-A2A5-D7E51439DA13}
		{01C61ACD-65E9-4AD9-B17E-BDEC626FD40F} = {8CDD1E64-0417-4707-8C28-602BE92F1246}
		{B1BF11B6-59B1-498F-A62C-A087E62997A9} = {01C61ACD-65E9-4AD9-B17E-BDEC626FD40F}
		{031632B8-5A12-42C2-9E13-74BEC3801BF9} = {01C61ACD-65E9-4AD9-B17E-BDEC626FD40F}
		{0042572F-8326-4240-8C07-B47940878575} = {8CDD1E64-0417-4707-8C28-602BE92F1246}
		{64C70466-3B8B-4071-9FC7-CBD8EDD32D56} = {8CDD1E64-0417-4707-8C28-602BE92F1246}
		{45170146-E33B-402D-BDFE-368B005B612E} = {F831A093-DA8E-4402-9F95-C752F41F1213}
		{9B64DAB3-49A3-46CC-869A-E1CD90A94C77} = {F831A093-DA8E-4402-9F95-C752F41F1213}
		{EBA74439-96E0-4B46-AEA5-22DC14515DD5} = {45170146-E33B-402D-BDFE-368B005B612E}
		{02E18539-7986-4848-B159-92D211194575} = {F831A093-DA8E-4402-9F95-C752F41F1213}
		{D5E17CC0-C37E-4A56-9843-FC3AB7370C1D} = {02E18539-7986-4848-B159-92D211194575}
		{98989932-F3B0-4E72-A3D4-FA896882D2D0} = {45170146-E33B-402D-BDFE-368B005B612E}
		{386B7037-A95D-4D18-8622-7E9F496975AF} = {9B64DAB3-49A3-46CC-869A-E1CD90A94C77}
	EndGlobalSection
	GlobalSection(ExtensibilityGlobals) = postSolution
		SolutionGuid = {16783E29-7691-424D-8B75-FEAFC6156EB0}
	EndGlobalSection
EndGlobal
